
Microsoft Visual Studio Solution File, Format Version 12.00
# Visual Studio Version 17
VisualStudioVersion = 17.6.33723.286
MinimumVisualStudioVersion = 10.0.40219.1
Project("{FAE04EC0-301F-11D3-BF4B-00C04F79EFBC}") = "Lab 12", "Lab 12\Lab 12.csproj", "{AE6307AD-086A-4560-99E3-E10B13C41F58}"
EndProject
Global
	GlobalSection(SolutionConfigurationPlatforms) = preSolution
		Debug|Any CPU = Debug|Any CPU
		Release|Any CPU = Release|Any CPU
	EndGlobalSection
	GlobalSection(ProjectConfigurationPlatforms) = postSolution
		{AE6307AD-086A-4560-99E3-E10B13C41F58}.Debug|Any CPU.ActiveCfg = Debug|Any CPU
		{AE6307AD-086A-4560-99E3-E10B13C41F58}.Debug|Any CPU.Build.0 = Debug|Any CPU
		{AE6307AD-086A-4560-99E3-E10B13C41F58}.Release|Any CPU.ActiveCfg = Release|Any CPU
		{AE6307AD-086A-4560-99E3-E10B13C41F58}.Release|Any CPU.Build.0 = Release|Any CPU
	EndGlobalSection
	GlobalSection(SolutionProperties) = preSolution
		HideSolutionNode = FALSE
	EndGlobalSection
	GlobalSection(ExtensibilityGlobals) = postSolution
		SolutionGuid = {D0A17AE8-C352-4C39-A88A-151A22F88BCC}
	EndGlobalSection
EndGlobal
